
Microsoft Visual Studio Solution File, Format Version 12.00
# 
Project("{2150E333-8FDC-42A3-9474-1A3956D46DE8}") = "Solution Items", "Solution Items", "{D7B79278-24ED-4824-8589-D65220073354}"
	ProjectSection(SolutionItems) = preProject
		docker-compose.yml = docker-compose.yml
	EndProjectSection
EndProject
Project("{2150E333-8FDC-42A3-9474-1A3956D46DE8}") = "src", "src", "{8487C1B3-5229-44CB-B76F-DF4CFF2619F2}"
EndProject
Project("{FAE04EC0-301F-11D3-BF4B-00C04F79EFBC}") = "WFM.API", "backend\src\WFM.API\WFM.API.csproj", "{27E7380E-F65B-4FAA-88BC-2D97CCE49009}"
EndProject
Project("{FAE04EC0-301F-11D3-BF4B-00C04F79EFBC}") = "WFM.Domain", "backend\src\WFM.Domain\WFM.Domain.csproj", "{6C70F29E-8E6A-49A2-B524-1F3266DC2515}"
EndProject
Project("{FAE04EC0-301F-11D3-BF4B-00C04F79EFBC}") = "WFM.Application", "backend\src\WFM.Application\WFM.Application.csproj", "{2BF6206D-5C2B-4509-8C7F-6E46C396A4B4}"
EndProject
Project("{FAE04EC0-301F-11D3-BF4B-00C04F79EFBC}") = "WFM.Infrastructure", "backend\src\WFM.Infrastructure\WFM.Infrastructure.csproj", "{01707CE1-D278-44F5-A13F-ECBC7C7F2C34}"
EndProject
Project("{FAE04EC0-301F-11D3-BF4B-00C04F79EFBC}") = "WFM.Worker1", "backend\src\WFM.Worker1\WFM.Worker1.csproj", "{88E1A673-59C5-43FD-92E5-E31B6110FBFD}"
EndProject
Project("{2150E333-8FDC-42A3-9474-1A3956D46DE8}") = "tests", "tests", "{ED7C2050-9547-4EB6-94FA-4900310EB937}"
EndProject
Project("{FAE04EC0-301F-11D3-BF4B-00C04F79EFBC}") = "WFM.Tests", "backend\tests\WFM.Tests\WFM.Tests.csproj", "{B91F535D-1EE8-4452-A7F1-77457E76B4FF}"
EndProject
Global
	GlobalSection(SolutionConfigurationPlatforms) = preSolution
		Debug|Any CPU = Debug|Any CPU
		Release|Any CPU = Release|Any CPU
	EndGlobalSection
	GlobalSection(ProjectConfigurationPlatforms) = postSolution
		{27E7380E-F65B-4FAA-88BC-2D97CCE49009}.Debug|Any CPU.ActiveCfg = Debug|Any CPU
		{27E7380E-F65B-4FAA-88BC-2D97CCE49009}.Debug|Any CPU.Build.0 = Debug|Any CPU
		{27E7380E-F65B-4FAA-88BC-2D97CCE49009}.Release|Any CPU.ActiveCfg = Release|Any CPU
		{27E7380E-F65B-4FAA-88BC-2D97CCE49009}.Release|Any CPU.Build.0 = Release|Any CPU
		{6C70F29E-8E6A-49A2-B524-1F3266DC2515}.Debug|Any CPU.ActiveCfg = Debug|Any CPU
		{6C70F29E-8E6A-49A2-B524-1F3266DC2515}.Debug|Any CPU.Build.0 = Debug|Any CPU
		{6C70F29E-8E6A-49A2-B524-1F3266DC2515}.Release|Any CPU.ActiveCfg = Release|Any CPU
		{6C70F29E-8E6A-49A2-B524-1F3266DC2515}.Release|Any CPU.Build.0 = Release|Any CPU
		{2BF6206D-5C2B-4509-8C7F-6E46C396A4B4}.Debug|Any CPU.ActiveCfg = Debug|Any CPU
		{2BF6206D-5C2B-4509-8C7F-6E46C396A4B4}.Debug|Any CPU.Build.0 = Debug|Any CPU
		{2BF6206D-5C2B-4509-8C7F-6E46C396A4B4}.Release|Any CPU.ActiveCfg = Release|Any CPU
		{2BF6206D-5C2B-4509-8C7F-6E46C396A4B4}.Release|Any CPU.Build.0 = Release|Any CPU
		{01707CE1-D278-44F5-A13F-ECBC7C7F2C34}.Debug|Any CPU.ActiveCfg = Debug|Any CPU
		{01707CE1-D278-44F5-A13F-ECBC7C7F2C34}.Debug|Any CPU.Build.0 = Debug|Any CPU
		{01707CE1-D278-44F5-A13F-ECBC7C7F2C34}.Release|Any CPU.ActiveCfg = Release|Any CPU
		{01707CE1-D278-44F5-A13F-ECBC7C7F2C34}.Release|Any CPU.Build.0 = Release|Any CPU
		{88E1A673-59C5-43FD-92E5-E31B6110FBFD}.Debug|Any CPU.ActiveCfg = Debug|Any CPU
		{88E1A673-59C5-43FD-92E5-E31B6110FBFD}.Debug|Any CPU.Build.0 = Debug|Any CPU
		{88E1A673-59C5-43FD-92E5-E31B6110FBFD}.Release|Any CPU.ActiveCfg = Release|Any CPU
		{88E1A673-59C5-43FD-92E5-E31B6110FBFD}.Release|Any CPU.Build.0 = Release|Any CPU
		{B91F535D-1EE8-4452-A7F1-77457E76B4FF}.Debug|Any CPU.ActiveCfg = Debug|Any CPU
		{B91F535D-1EE8-4452-A7F1-77457E76B4FF}.Debug|Any CPU.Build.0 = Debug|Any CPU
		{B91F535D-1EE8-4452-A7F1-77457E76B4FF}.Release|Any CPU.ActiveCfg = Release|Any CPU
		{B91F535D-1EE8-4452-A7F1-77457E76B4FF}.Release|Any CPU.Build.0 = Release|Any CPU
	EndGlobalSection
	GlobalSection(NestedProjects) = preSolution
		{27E7380E-F65B-4FAA-88BC-2D97CCE49009} = {8487C1B3-5229-44CB-B76F-DF4CFF2619F2}
		{6C70F29E-8E6A-49A2-B524-1F3266DC2515} = {8487C1B3-5229-44CB-B76F-DF4CFF2619F2}
		{2BF6206D-5C2B-4509-8C7F-6E46C396A4B4} = {8487C1B3-5229-44CB-B76F-DF4CFF2619F2}
		{01707CE1-D278-44F5-A13F-ECBC7C7F2C34} = {8487C1B3-5229-44CB-B76F-DF4CFF2619F2}
		{88E1A673-59C5-43FD-92E5-E31B6110FBFD} = {8487C1B3-5229-44CB-B76F-DF4CFF2619F2}
		{B91F535D-1EE8-4452-A7F1-77457E76B4FF} = {ED7C2050-9547-4EB6-94FA-4900310EB937}
	EndGlobalSection
EndGlobal
